
Microsoft Visual Studio Solution File, Format Version 12.00
# Visual Studio 2012
Project("{FAE04EC0-301F-11D3-BF4B-00C04F79EFBC}") = "PredicateExtensions", "PredicateExtensions\PredicateExtensions.csproj", "{EFC46BE7-B469-4599-B22D-CC878874B3CB}"
EndProject
Project("{FAE04EC0-301F-11D3-BF4B-00C04F79EFBC}") = "PredicateExtensions.Tests", "PredicateExtensions.Tests\PredicateExtensions.Tests.csproj", "{9304E1C6-958E-4A52-833B-8D11BF39FC13}"
EndProject
Project("{2150E333-8FDC-42A3-9474-1A3956D46DE8}") = ".nuget", ".nuget", "{90058D89-092B-4D5D-A79E-239460A885BF}"
	ProjectSection(SolutionItems) = preProject
		.nuget\NuGet.Config = .nuget\NuGet.Config
		.nuget\NuGet.exe = .nuget\NuGet.exe
		.nuget\NuGet.targets = .nuget\NuGet.targets
	EndProjectSection
EndProject
Global
	GlobalSection(SolutionConfigurationPlatforms) = preSolution
		Debug|Any CPU = Debug|Any CPU
		Release|Any CPU = Release|Any CPU
	EndGlobalSection
	GlobalSection(ProjectConfigurationPlatforms) = postSolution
		{EFC46BE7-B469-4599-B22D-CC878874B3CB}.Debug|Any CPU.ActiveCfg = Debug|Any CPU
		{EFC46BE7-B469-4599-B22D-CC878874B3CB}.Debug|Any CPU.Build.0 = Debug|Any CPU
		{EFC46BE7-B469-4599-B22D-CC878874B3CB}.Release|Any CPU.ActiveCfg = Release|Any CPU
		{EFC46BE7-B469-4599-B22D-CC878874B3CB}.Release|Any CPU.Build.0 = Release|Any CPU
		{9304E1C6-958E-4A52-833B-8D11BF39FC13}.Debug|Any CPU.ActiveCfg = Debug|Any CPU
		{9304E1C6-958E-4A52-833B-8D11BF39FC13}.Debug|Any CPU.Build.0 = Debug|Any CPU
		{9304E1C6-958E-4A52-833B-8D11BF39FC13}.Release|Any CPU.ActiveCfg = Release|Any CPU
		{9304E1C6-958E-4A52-833B-8D11BF39FC13}.Release|Any CPU.Build.0 = Release|Any CPU
	EndGlobalSection
	GlobalSection(SolutionProperties) = preSolution
		HideSolutionNode = FALSE
	EndGlobalSection
EndGlobal
